
Microsoft Visual Studio Solution File, Format Version 12.00
# Visual Studio 15
Project("{FAE04EC0-301F-11D3-BF4B-00C04F79EFBC}") = "UnityEngine.UI", "UnityEngine.UI.csproj", "{8A2D875D-0271-C31A-88B7-8EF35684FC68}"
EndProject
Project("{FAE04EC0-301F-11D3-BF4B-00C04F79EFBC}") = "UnityEngine.TestRunner", "UnityEngine.TestRunner.csproj", "{0F88C660-1BC8-CE3F-6FBD-1E80E2964304}"
EndProject
Project("{FAE04EC0-301F-11D3-BF4B-00C04F79EFBC}") = "Unity.Mathematics", "Unity.Mathematics.csproj", "{9BF01C46-9320-58AB-6587-7CB4A7B721E2}"
EndProject
Project("{FAE04EC0-301F-11D3-BF4B-00C04F79EFBC}") = "Unity.VisualScripting.State", "Unity.VisualScripting.State.csproj", "{51724C5F-0F97-70AE-30B2-618EF98335E7}"
EndProject
Project("{FAE04EC0-301F-11D3-BF4B-00C04F79EFBC}") = "Unity.VisualScripting.Core", "Unity.VisualScripting.Core.csproj", "{28FAED30-65A4-81D1-7488-F7DA6DE46B74}"
EndProject
Project("{FAE04EC0-301F-11D3-BF4B-00C04F79EFBC}") = "Unity.VisualScripting.Flow", "Unity.VisualScripting.Flow.csproj", "{2085BF66-762B-DA40-B47B-D1CF56A3BDD2}"
EndProject
Project("{FAE04EC0-301F-11D3-BF4B-00C04F79EFBC}") = "Unity.2D.Animation.Runtime", "Unity.2D.Animation.Runtime.csproj", "{11B35B40-A905-455B-6573-726202AAF6DA}"
EndProject
Project("{FAE04EC0-301F-11D3-BF4B-00C04F79EFBC}") = "Unity.TextMeshPro", "Unity.TextMeshPro.csproj", "{EF7C9640-0527-9460-1B6A-2DFA5C3B615C}"
EndProject
Project("{FAE04EC0-301F-11D3-BF4B-00C04F79EFBC}") = "Unity.Timeline", "Unity.Timeline.csproj", "{5531B32B-4D96-4AD6-C2C4-28FCA30EF899}"
EndProject
Project("{FAE04EC0-301F-11D3-BF4B-00C04F79EFBC}") = "Assembly-CSharp", "Assembly-CSharp.csproj", "{9A79F51E-E70A-E207-4259-14A2C81B28C0}"
EndProject
Project("{FAE04EC0-301F-11D3-BF4B-00C04F79EFBC}") = "Unity.2D.SpriteShape.Runtime", "Unity.2D.SpriteShape.Runtime.csproj", "{CFCBA84B-D8E9-0352-48FD-DA178DF1A7E3}"
EndProject
Project("{FAE04EC0-301F-11D3-BF4B-00C04F79EFBC}") = "Unity.2D.Animation.Triangle.Runtime", "Unity.2D.Animation.Triangle.Runtime.csproj", "{0A5D4190-3CB5-68A7-FB75-089C02D85258}"
EndProject
Project("{FAE04EC0-301F-11D3-BF4B-00C04F79EFBC}") = "Unity.2D.PixelPerfect", "Unity.2D.PixelPerfect.csproj", "{81D6E825-0F07-8F44-B318-ACAEE82A378B}"
EndProject
Project("{FAE04EC0-301F-11D3-BF4B-00C04F79EFBC}") = "Unity.2D.IK.Runtime", "Unity.2D.IK.Runtime.csproj", "{C4354A42-E1A6-2D05-DD2E-7F954A81C4F6}"
EndProject
Project("{FAE04EC0-301F-11D3-BF4B-00C04F79EFBC}") = "Unity.2D.Tilemap.Extras", "Unity.2D.Tilemap.Extras.csproj", "{D0A26FD9-749C-44A2-8FB6-6EF2406D3F00}"
EndProject
Project("{FAE04EC0-301F-11D3-BF4B-00C04F79EFBC}") = "Unity.2D.Common.Runtime", "Unity.2D.Common.Runtime.csproj", "{CCE4E0CC-5594-DB84-C357-3DBD4BCF7386}"
EndProject
Project("{FAE04EC0-301F-11D3-BF4B-00C04F79EFBC}") = "Unity.InternalAPIEngineBridge.001", "Unity.InternalAPIEngineBridge.001.csproj", "{BB90B8D6-E2F9-E934-E1AB-060036C7F7FC}"
EndProject
Project("{FAE04EC0-301F-11D3-BF4B-00C04F79EFBC}") = "Unity.PlasticSCM.Editor", "Unity.PlasticSCM.Editor.csproj", "{4ABF7A2F-ECD3-1BA9-2B52-D15D55D55D0F}"
EndProject
Project("{FAE04EC0-301F-11D3-BF4B-00C04F79EFBC}") = "Unity.VisualScripting.Core.Editor", "Unity.VisualScripting.Core.Editor.csproj", "{1950537B-9F65-CE60-D126-323078E4EFCD}"
EndProject
Project("{FAE04EC0-301F-11D3-BF4B-00C04F79EFBC}") = "Unity.VisualStudio.Editor", "Unity.VisualStudio.Editor.csproj", "{9909AF3D-9A3B-798C-FF07-EA4F1B341C49}"
EndProject
Project("{FAE04EC0-301F-11D3-BF4B-00C04F79EFBC}") = "Unity.Timeline.Editor", "Unity.Timeline.Editor.csproj", "{C59CC1B0-C4BF-92B8-89CD-443CD4578A7D}"
EndProject
Project("{FAE04EC0-301F-11D3-BF4B-00C04F79EFBC}") = "Unity.VisualScripting.State.Editor", "Unity.VisualScripting.State.Editor.csproj", "{D810C577-10F9-F264-29DD-9C9611E0E32F}"
EndProject
Project("{FAE04EC0-301F-11D3-BF4B-00C04F79EFBC}") = "Unity.TextMeshPro.Editor", "Unity.TextMeshPro.Editor.csproj", "{703E20DC-E770-C68C-CB84-3D8F9DF810A8}"
EndProject
Project("{FAE04EC0-301F-11D3-BF4B-00C04F79EFBC}") = "Unity.2D.Animation.Editor", "Unity.2D.Animation.Editor.csproj", "{725F7335-17D6-97C6-D9FD-FF6EACEBCB51}"
EndProject
Project("{FAE04EC0-301F-11D3-BF4B-00C04F79EFBC}") = "VSSettingsProvider", "VSSettingsProvider.csproj", "{9E8208E5-3ABA-7D89-273D-67ECBEF9BBAD}"
EndProject
Project("{FAE04EC0-301F-11D3-BF4B-00C04F79EFBC}") = "Unity.CollabProxy.Editor", "Unity.CollabProxy.Editor.csproj", "{30D7C7B9-C423-20BD-294C-E6D1CB301E52}"
EndProject
Project("{FAE04EC0-301F-11D3-BF4B-00C04F79EFBC}") = "UnityEditor.TestRunner", "UnityEditor.TestRunner.csproj", "{25DD6DF7-E30E-B052-9F25-B302DCE8B256}"
EndProject
Project("{FAE04EC0-301F-11D3-BF4B-00C04F79EFBC}") = "Unity.VisualScripting.Flow.Editor", "Unity.VisualScripting.Flow.Editor.csproj", "{47931163-587C-23FC-72C3-EC677CD440BB}"
EndProject
Project("{FAE04EC0-301F-11D3-BF4B-00C04F79EFBC}") = "Unity.Rider.Editor", "Unity.Rider.Editor.csproj", "{BE46A8B2-54AA-149C-38A9-483E6432E1C9}"
EndProject
Project("{FAE04EC0-301F-11D3-BF4B-00C04F79EFBC}") = "Unity.2D.Path.Editor", "Unity.2D.Path.Editor.csproj", "{DBDDD7D7-DE9B-1B43-0B72-CD1D4DB78EA5}"
EndProject
Project("{FAE04EC0-301F-11D3-BF4B-00C04F79EFBC}") = "PsdPlugin", "PsdPlugin.csproj", "{07F12E67-FA47-6C96-37AA-68F08498C888}"
EndProject
Project("{FAE04EC0-301F-11D3-BF4B-00C04F79EFBC}") = "Unity.2D.IK.Editor", "Unity.2D.IK.Editor.csproj", "{311BC64A-5EA7-BF6A-1381-10985153AD3D}"
EndProject
Project("{FAE04EC0-301F-11D3-BF4B-00C04F79EFBC}") = "Unity.2D.Psdimporter.Editor", "Unity.2D.Psdimporter.Editor.csproj", "{7948C9A4-99C1-350F-88CA-59E08D63F449}"
EndProject
Project("{FAE04EC0-301F-11D3-BF4B-00C04F79EFBC}") = "Unity.2D.SpriteShape.Editor", "Unity.2D.SpriteShape.Editor.csproj", "{4130085F-822B-D9ED-C546-470E781D0B34}"
EndProject
Project("{FAE04EC0-301F-11D3-BF4B-00C04F79EFBC}") = "Unity.2D.Tilemap.Editor", "Unity.2D.Tilemap.Editor.csproj", "{0064AC4D-5440-7A00-038B-4A359821654F}"
EndProject
Project("{FAE04EC0-301F-11D3-BF4B-00C04F79EFBC}") = "Unity.2D.PixelPerfect.Editor", "Unity.2D.PixelPerfect.Editor.csproj", "{0BA9E299-3A17-97BD-6698-C2202111D1C1}"
EndProject
Project("{FAE04EC0-301F-11D3-BF4B-00C04F79EFBC}") = "Unity.VSCode.Editor", "Unity.VSCode.Editor.csproj", "{26151F2A-6F46-0CB0-EE22-BC26A4AC5E96}"
EndProject
Project("{FAE04EC0-301F-11D3-BF4B-00C04F79EFBC}") = "Unity.2D.Sprite.Editor", "Unity.2D.Sprite.Editor.csproj", "{D82185F4-138B-C904-595F-FAB7CF16FA09}"
EndProject
Project("{FAE04EC0-301F-11D3-BF4B-00C04F79EFBC}") = "UnityEditor.UI", "UnityEditor.UI.csproj", "{348F3A6B-B417-ECC2-1FFD-D31C4FAE5386}"
EndProject
Project("{FAE04EC0-301F-11D3-BF4B-00C04F79EFBC}") = "Unity.Mathematics.Editor", "Unity.Mathematics.Editor.csproj", "{F2A6410D-6243-C687-776E-50F44D9272CB}"
EndProject
Project("{FAE04EC0-301F-11D3-BF4B-00C04F79EFBC}") = "Unity.2D.Common.Editor", "Unity.2D.Common.Editor.csproj", "{E25010CF-22E0-258F-A74A-3093F47093B3}"
EndProject
Project("{FAE04EC0-301F-11D3-BF4B-00C04F79EFBC}") = "Unity.2D.Tilemap.Extras.Editor", "Unity.2D.Tilemap.Extras.Editor.csproj", "{434AA76B-A1FE-F241-9FCC-468BBCCC9B3C}"
EndProject
Project("{FAE04EC0-301F-11D3-BF4B-00C04F79EFBC}") = "Unity.InternalAPIEditorBridge.001", "Unity.InternalAPIEditorBridge.001.csproj", "{F427D7A1-809A-AD4B-CC26-6A22ED3B98A1}"
EndProject
Project("{FAE04EC0-301F-11D3-BF4B-00C04F79EFBC}") = "UnityEngine.UI", "UnityEngine.UI.Player.csproj", "{46487383-D2C4-9760-3390-47D9661F1A27}"
EndProject
Project("{FAE04EC0-301F-11D3-BF4B-00C04F79EFBC}") = "UnityEngine.TestRunner", "UnityEngine.TestRunner.Player.csproj", "{A387C22A-CDC7-EF19-D50C-CDDB7FF62B6A}"
EndProject
Project("{FAE04EC0-301F-11D3-BF4B-00C04F79EFBC}") = "Unity.Mathematics", "Unity.Mathematics.Player.csproj", "{394ABF96-31E0-3D5C-7CBD-BB1B1A17858C}"
EndProject
Project("{FAE04EC0-301F-11D3-BF4B-00C04F79EFBC}") = "Unity.VisualScripting.State", "Unity.VisualScripting.State.Player.csproj", "{44123238-72DB-7DDF-09F4-49D980982E21}"
EndProject
Project("{FAE04EC0-301F-11D3-BF4B-00C04F79EFBC}") = "Unity.VisualScripting.Core", "Unity.VisualScripting.Core.Player.csproj", "{640AFA84-06C2-40C9-60FC-A6A506D51A26}"
EndProject
Project("{FAE04EC0-301F-11D3-BF4B-00C04F79EFBC}") = "Unity.VisualScripting.Flow", "Unity.VisualScripting.Flow.Player.csproj", "{70B4EB92-E738-F6BE-1961-ACC4FCECAEA5}"
EndProject
Project("{FAE04EC0-301F-11D3-BF4B-00C04F79EFBC}") = "Unity.2D.Animation.Runtime", "Unity.2D.Animation.Runtime.Player.csproj", "{767B83F1-B127-F716-0E3E-3FBD4D4069D4}"
EndProject
Project("{FAE04EC0-301F-11D3-BF4B-00C04F79EFBC}") = "Unity.TextMeshPro", "Unity.TextMeshPro.Player.csproj", "{D5EE615D-9B03-FB81-35C5-DE990404446A}"
EndProject
Project("{FAE04EC0-301F-11D3-BF4B-00C04F79EFBC}") = "Unity.Timeline", "Unity.Timeline.Player.csproj", "{61A0604F-3758-06CB-1E90-5CA535432065}"
EndProject
Project("{FAE04EC0-301F-11D3-BF4B-00C04F79EFBC}") = "Assembly-CSharp", "Assembly-CSharp.Player.csproj", "{F21A2069-A3A7-ECDF-6978-A4837FD4BD51}"
EndProject
Project("{FAE04EC0-301F-11D3-BF4B-00C04F79EFBC}") = "Unity.2D.SpriteShape.Runtime", "Unity.2D.SpriteShape.Runtime.Player.csproj", "{A12A3AFB-98AA-5FE9-28B8-322DD6AD8E3C}"
EndProject
Project("{FAE04EC0-301F-11D3-BF4B-00C04F79EFBC}") = "Unity.2D.Animation.Triangle.Runtime", "Unity.2D.Animation.Triangle.Runtime.Player.csproj", "{3C6678CB-58B3-5F4D-1CDE-5787F9DA67BA}"
EndProject
Project("{FAE04EC0-301F-11D3-BF4B-00C04F79EFBC}") = "Unity.2D.PixelPerfect", "Unity.2D.PixelPerfect.Player.csproj", "{4A861EBF-E744-BE75-B08F-CFDEB543AE1E}"
EndProject
Project("{FAE04EC0-301F-11D3-BF4B-00C04F79EFBC}") = "Unity.2D.IK.Runtime", "Unity.2D.IK.Runtime.Player.csproj", "{B2B9146D-2733-4C13-FB01-771150CCC2AC}"
EndProject
Project("{FAE04EC0-301F-11D3-BF4B-00C04F79EFBC}") = "Unity.2D.Tilemap.Extras", "Unity.2D.Tilemap.Extras.Player.csproj", "{E2239652-CD69-B351-997F-BF59F2C7D14D}"
EndProject
Project("{FAE04EC0-301F-11D3-BF4B-00C04F79EFBC}") = "Unity.2D.Common.Runtime", "Unity.2D.Common.Runtime.Player.csproj", "{625B927D-E488-3ECE-F73D-49101856FC70}"
EndProject
Project("{FAE04EC0-301F-11D3-BF4B-00C04F79EFBC}") = "Unity.InternalAPIEngineBridge.001", "Unity.InternalAPIEngineBridge.001.Player.csproj", "{4A5B2159-C521-BC4D-AF9F-3AB52F519FD8}"
EndProject
Global
	GlobalSection(SolutionConfigurationPlatforms) = preSolution
		Debug|Any CPU = Debug|Any CPU
		Release|Any CPU = Release|Any CPU
	EndGlobalSection
	GlobalSection(ProjectConfigurationPlatforms) = postSolution
		{8A2D875D-0271-C31A-88B7-8EF35684FC68}.Debug|Any CPU.ActiveCfg = Debug|Any CPU
		{8A2D875D-0271-C31A-88B7-8EF35684FC68}.Debug|Any CPU.Build.0 = Debug|Any CPU
		{8A2D875D-0271-C31A-88B7-8EF35684FC68}.Release|Any CPU.ActiveCfg = Release|Any CPU
		{8A2D875D-0271-C31A-88B7-8EF35684FC68}.Release|Any CPU.Build.0 = Release|Any CPU
		{0F88C660-1BC8-CE3F-6FBD-1E80E2964304}.Debug|Any CPU.ActiveCfg = Debug|Any CPU
		{0F88C660-1BC8-CE3F-6FBD-1E80E2964304}.Debug|Any CPU.Build.0 = Debug|Any CPU
		{0F88C660-1BC8-CE3F-6FBD-1E80E2964304}.Release|Any CPU.ActiveCfg = Release|Any CPU
		{0F88C660-1BC8-CE3F-6FBD-1E80E2964304}.Release|Any CPU.Build.0 = Release|Any CPU
		{9BF01C46-9320-58AB-6587-7CB4A7B721E2}.Debug|Any CPU.ActiveCfg = Debug|Any CPU
		{9BF01C46-9320-58AB-6587-7CB4A7B721E2}.Debug|Any CPU.Build.0 = Debug|Any CPU
		{9BF01C46-9320-58AB-6587-7CB4A7B721E2}.Release|Any CPU.ActiveCfg = Release|Any CPU
		{9BF01C46-9320-58AB-6587-7CB4A7B721E2}.Release|Any CPU.Build.0 = Release|Any CPU
		{51724C5F-0F97-70AE-30B2-618EF98335E7}.Debug|Any CPU.ActiveCfg = Debug|Any CPU
		{51724C5F-0F97-70AE-30B2-618EF98335E7}.Debug|Any CPU.Build.0 = Debug|Any CPU
		{51724C5F-0F97-70AE-30B2-618EF98335E7}.Release|Any CPU.ActiveCfg = Release|Any CPU
		{51724C5F-0F97-70AE-30B2-618EF98335E7}.Release|Any CPU.Build.0 = Release|Any CPU
		{28FAED30-65A4-81D1-7488-F7DA6DE46B74}.Debug|Any CPU.ActiveCfg = Debug|Any CPU
		{28FAED30-65A4-81D1-7488-F7DA6DE46B74}.Debug|Any CPU.Build.0 = Debug|Any CPU
		{28FAED30-65A4-81D1-7488-F7DA6DE46B74}.Release|Any CPU.ActiveCfg = Release|Any CPU
		{28FAED30-65A4-81D1-7488-F7DA6DE46B74}.Release|Any CPU.Build.0 = Release|Any CPU
		{2085BF66-762B-DA40-B47B-D1CF56A3BDD2}.Debug|Any CPU.ActiveCfg = Debug|Any CPU
		{2085BF66-762B-DA40-B47B-D1CF56A3BDD2}.Debug|Any CPU.Build.0 = Debug|Any CPU
		{2085BF66-762B-DA40-B47B-D1CF56A3BDD2}.Release|Any CPU.ActiveCfg = Release|Any CPU
		{2085BF66-762B-DA40-B47B-D1CF56A3BDD2}.Release|Any CPU.Build.0 = Release|Any CPU
		{11B35B40-A905-455B-6573-726202AAF6DA}.Debug|Any CPU.ActiveCfg = Debug|Any CPU
		{11B35B40-A905-455B-6573-726202AAF6DA}.Debug|Any CPU.Build.0 = Debug|Any CPU
		{11B35B40-A905-455B-6573-726202AAF6DA}.Release|Any CPU.ActiveCfg = Release|Any CPU
		{11B35B40-A905-455B-6573-726202AAF6DA}.Release|Any CPU.Build.0 = Release|Any CPU
		{EF7C9640-0527-9460-1B6A-2DFA5C3B615C}.Debug|Any CPU.ActiveCfg = Debug|Any CPU
		{EF7C9640-0527-9460-1B6A-2DFA5C3B615C}.Debug|Any CPU.Build.0 = Debug|Any CPU
		{EF7C9640-0527-9460-1B6A-2DFA5C3B615C}.Release|Any CPU.ActiveCfg = Release|Any CPU
		{EF7C9640-0527-9460-1B6A-2DFA5C3B615C}.Release|Any CPU.Build.0 = Release|Any CPU
		{5531B32B-4D96-4AD6-C2C4-28FCA30EF899}.Debug|Any CPU.ActiveCfg = Debug|Any CPU
		{5531B32B-4D96-4AD6-C2C4-28FCA30EF899}.Debug|Any CPU.Build.0 = Debug|Any CPU
		{5531B32B-4D96-4AD6-C2C4-28FCA30EF899}.Release|Any CPU.ActiveCfg = Release|Any CPU
		{5531B32B-4D96-4AD6-C2C4-28FCA30EF899}.Release|Any CPU.Build.0 = Release|Any CPU
		{9A79F51E-E70A-E207-4259-14A2C81B28C0}.Debug|Any CPU.ActiveCfg = Debug|Any CPU
		{9A79F51E-E70A-E207-4259-14A2C81B28C0}.Debug|Any CPU.Build.0 = Debug|Any CPU
		{9A79F51E-E70A-E207-4259-14A2C81B28C0}.Release|Any CPU.ActiveCfg = Release|Any CPU
		{9A79F51E-E70A-E207-4259-14A2C81B28C0}.Release|Any CPU.Build.0 = Release|Any CPU
		{CFCBA84B-D8E9-0352-48FD-DA178DF1A7E3}.Debug|Any CPU.ActiveCfg = Debug|Any CPU
		{CFCBA84B-D8E9-0352-48FD-DA178DF1A7E3}.Debug|Any CPU.Build.0 = Debug|Any CPU
		{CFCBA84B-D8E9-0352-48FD-DA178DF1A7E3}.Release|Any CPU.ActiveCfg = Release|Any CPU
		{CFCBA84B-D8E9-0352-48FD-DA178DF1A7E3}.Release|Any CPU.Build.0 = Release|Any CPU
		{0A5D4190-3CB5-68A7-FB75-089C02D85258}.Debug|Any CPU.ActiveCfg = Debug|Any CPU
		{0A5D4190-3CB5-68A7-FB75-089C02D85258}.Debug|Any CPU.Build.0 = Debug|Any CPU
		{0A5D4190-3CB5-68A7-FB75-089C02D85258}.Release|Any CPU.ActiveCfg = Release|Any CPU
		{0A5D4190-3CB5-68A7-FB75-089C02D85258}.Release|Any CPU.Build.0 = Release|Any CPU
		{81D6E825-0F07-8F44-B318-ACAEE82A378B}.Debug|Any CPU.ActiveCfg = Debug|Any CPU
		{81D6E825-0F07-8F44-B318-ACAEE82A378B}.Debug|Any CPU.Build.0 = Debug|Any CPU
		{81D6E825-0F07-8F44-B318-ACAEE82A378B}.Release|Any CPU.ActiveCfg = Release|Any CPU
		{81D6E825-0F07-8F44-B318-ACAEE82A378B}.Release|Any CPU.Build.0 = Release|Any CPU
		{C4354A42-E1A6-2D05-DD2E-7F954A81C4F6}.Debug|Any CPU.ActiveCfg = Debug|Any CPU
		{C4354A42-E1A6-2D05-DD2E-7F954A81C4F6}.Debug|Any CPU.Build.0 = Debug|Any CPU
		{C4354A42-E1A6-2D05-DD2E-7F954A81C4F6}.Release|Any CPU.ActiveCfg = Release|Any CPU
		{C4354A42-E1A6-2D05-DD2E-7F954A81C4F6}.Release|Any CPU.Build.0 = Release|Any CPU
		{D0A26FD9-749C-44A2-8FB6-6EF2406D3F00}.Debug|Any CPU.ActiveCfg = Debug|Any CPU
		{D0A26FD9-749C-44A2-8FB6-6EF2406D3F00}.Debug|Any CPU.Build.0 = Debug|Any CPU
		{D0A26FD9-749C-44A2-8FB6-6EF2406D3F00}.Release|Any CPU.ActiveCfg = Release|Any CPU
		{D0A26FD9-749C-44A2-8FB6-6EF2406D3F00}.Release|Any CPU.Build.0 = Release|Any CPU
		{CCE4E0CC-5594-DB84-C357-3DBD4BCF7386}.Debug|Any CPU.ActiveCfg = Debug|Any CPU
		{CCE4E0CC-5594-DB84-C357-3DBD4BCF7386}.Debug|Any CPU.Build.0 = Debug|Any CPU
		{CCE4E0CC-5594-DB84-C357-3DBD4BCF7386}.Release|Any CPU.ActiveCfg = Release|Any CPU
		{CCE4E0CC-5594-DB84-C357-3DBD4BCF7386}.Release|Any CPU.Build.0 = Release|Any CPU
		{BB90B8D6-E2F9-E934-E1AB-060036C7F7FC}.Debug|Any CPU.ActiveCfg = Debug|Any CPU
		{BB90B8D6-E2F9-E934-E1AB-060036C7F7FC}.Debug|Any CPU.Build.0 = Debug|Any CPU
		{BB90B8D6-E2F9-E934-E1AB-060036C7F7FC}.Release|Any CPU.ActiveCfg = Release|Any CPU
		{BB90B8D6-E2F9-E934-E1AB-060036C7F7FC}.Release|Any CPU.Build.0 = Release|Any CPU
		{4ABF7A2F-ECD3-1BA9-2B52-D15D55D55D0F}.Debug|Any CPU.ActiveCfg = Debug|Any CPU
		{4ABF7A2F-ECD3-1BA9-2B52-D15D55D55D0F}.Debug|Any CPU.Build.0 = Debug|Any CPU
		{4ABF7A2F-ECD3-1BA9-2B52-D15D55D55D0F}.Release|Any CPU.ActiveCfg = Release|Any CPU
		{4ABF7A2F-ECD3-1BA9-2B52-D15D55D55D0F}.Release|Any CPU.Build.0 = Release|Any CPU
		{1950537B-9F65-CE60-D126-323078E4EFCD}.Debug|Any CPU.ActiveCfg = Debug|Any CPU
		{1950537B-9F65-CE60-D126-323078E4EFCD}.Debug|Any CPU.Build.0 = Debug|Any CPU
		{1950537B-9F65-CE60-D126-323078E4EFCD}.Release|Any CPU.ActiveCfg = Release|Any CPU
		{1950537B-9F65-CE60-D126-323078E4EFCD}.Release|Any CPU.Build.0 = Release|Any CPU
		{9909AF3D-9A3B-798C-FF07-EA4F1B341C49}.Debug|Any CPU.ActiveCfg = Debug|Any CPU
		{9909AF3D-9A3B-798C-FF07-EA4F1B341C49}.Debug|Any CPU.Build.0 = Debug|Any CPU
		{9909AF3D-9A3B-798C-FF07-EA4F1B341C49}.Release|Any CPU.ActiveCfg = Release|Any CPU
		{9909AF3D-9A3B-798C-FF07-EA4F1B341C49}.Release|Any CPU.Build.0 = Release|Any CPU
		{C59CC1B0-C4BF-92B8-89CD-443CD4578A7D}.Debug|Any CPU.ActiveCfg = Debug|Any CPU
		{C59CC1B0-C4BF-92B8-89CD-443CD4578A7D}.Debug|Any CPU.Build.0 = Debug|Any CPU
		{C59CC1B0-C4BF-92B8-89CD-443CD4578A7D}.Release|Any CPU.ActiveCfg = Release|Any CPU
		{C59CC1B0-C4BF-92B8-89CD-443CD4578A7D}.Release|Any CPU.Build.0 = Release|Any CPU
		{D810C577-10F9-F264-29DD-9C9611E0E32F}.Debug|Any CPU.ActiveCfg = Debug|Any CPU
		{D810C577-10F9-F264-29DD-9C9611E0E32F}.Debug|Any CPU.Build.0 = Debug|Any CPU
		{D810C577-10F9-F264-29DD-9C9611E0E32F}.Release|Any CPU.ActiveCfg = Release|Any CPU
		{D810C577-10F9-F264-29DD-9C9611E0E32F}.Release|Any CPU.Build.0 = Release|Any CPU
		{703E20DC-E770-C68C-CB84-3D8F9DF810A8}.Debug|Any CPU.ActiveCfg = Debug|Any CPU
		{703E20DC-E770-C68C-CB84-3D8F9DF810A8}.Debug|Any CPU.Build.0 = Debug|Any CPU
		{703E20DC-E770-C68C-CB84-3D8F9DF810A8}.Release|Any CPU.ActiveCfg = Release|Any CPU
		{703E20DC-E770-C68C-CB84-3D8F9DF810A8}.Release|Any CPU.Build.0 = Release|Any CPU
		{725F7335-17D6-97C6-D9FD-FF6EACEBCB51}.Debug|Any CPU.ActiveCfg = Debug|Any CPU
		{725F7335-17D6-97C6-D9FD-FF6EACEBCB51}.Debug|Any CPU.Build.0 = Debug|Any CPU
		{725F7335-17D6-97C6-D9FD-FF6EACEBCB51}.Release|Any CPU.ActiveCfg = Release|Any CPU
		{725F7335-17D6-97C6-D9FD-FF6EACEBCB51}.Release|Any CPU.Build.0 = Release|Any CPU
		{9E8208E5-3ABA-7D89-273D-67ECBEF9BBAD}.Debug|Any CPU.ActiveCfg = Debug|Any CPU
		{9E8208E5-3ABA-7D89-273D-67ECBEF9BBAD}.Debug|Any CPU.Build.0 = Debug|Any CPU
		{9E8208E5-3ABA-7D89-273D-67ECBEF9BBAD}.Release|Any CPU.ActiveCfg = Release|Any CPU
		{9E8208E5-3ABA-7D89-273D-67ECBEF9BBAD}.Release|Any CPU.Build.0 = Release|Any CPU
		{30D7C7B9-C423-20BD-294C-E6D1CB301E52}.Debug|Any CPU.ActiveCfg = Debug|Any CPU
		{30D7C7B9-C423-20BD-294C-E6D1CB301E52}.Debug|Any CPU.Build.0 = Debug|Any CPU
		{30D7C7B9-C423-20BD-294C-E6D1CB301E52}.Release|Any CPU.ActiveCfg = Release|Any CPU
		{30D7C7B9-C423-20BD-294C-E6D1CB301E52}.Release|Any CPU.Build.0 = Release|Any CPU
		{25DD6DF7-E30E-B052-9F25-B302DCE8B256}.Debug|Any CPU.ActiveCfg = Debug|Any CPU
		{25DD6DF7-E30E-B052-9F25-B302DCE8B256}.Debug|Any CPU.Build.0 = Debug|Any CPU
		{25DD6DF7-E30E-B052-9F25-B302DCE8B256}.Release|Any CPU.ActiveCfg = Release|Any CPU
		{25DD6DF7-E30E-B052-9F25-B302DCE8B256}.Release|Any CPU.Build.0 = Release|Any CPU
		{47931163-587C-23FC-72C3-EC677CD440BB}.Debug|Any CPU.ActiveCfg = Debug|Any CPU
		{47931163-587C-23FC-72C3-EC677CD440BB}.Debug|Any CPU.Build.0 = Debug|Any CPU
		{47931163-587C-23FC-72C3-EC677CD440BB}.Release|Any CPU.ActiveCfg = Release|Any CPU
		{47931163-587C-23FC-72C3-EC677CD440BB}.Release|Any CPU.Build.0 = Release|Any CPU
		{BE46A8B2-54AA-149C-38A9-483E6432E1C9}.Debug|Any CPU.ActiveCfg = Debug|Any CPU
		{BE46A8B2-54AA-149C-38A9-483E6432E1C9}.Debug|Any CPU.Build.0 = Debug|Any CPU
		{BE46A8B2-54AA-149C-38A9-483E6432E1C9}.Release|Any CPU.ActiveCfg = Release|Any CPU
		{BE46A8B2-54AA-149C-38A9-483E6432E1C9}.Release|Any CPU.Build.0 = Release|Any CPU
		{DBDDD7D7-DE9B-1B43-0B72-CD1D4DB78EA5}.Debug|Any CPU.ActiveCfg = Debug|Any CPU
		{DBDDD7D7-DE9B-1B43-0B72-CD1D4DB78EA5}.Debug|Any CPU.Build.0 = Debug|Any CPU
		{DBDDD7D7-DE9B-1B43-0B72-CD1D4DB78EA5}.Release|Any CPU.ActiveCfg = Release|Any CPU
		{DBDDD7D7-DE9B-1B43-0B72-CD1D4DB78EA5}.Release|Any CPU.Build.0 = Release|Any CPU
		{07F12E67-FA47-6C96-37AA-68F08498C888}.Debug|Any CPU.ActiveCfg = Debug|Any CPU
		{07F12E67-FA47-6C96-37AA-68F08498C888}.Debug|Any CPU.Build.0 = Debug|Any CPU
		{07F12E67-FA47-6C96-37AA-68F08498C888}.Release|Any CPU.ActiveCfg = Release|Any CPU
		{07F12E67-FA47-6C96-37AA-68F08498C888}.Release|Any CPU.Build.0 = Release|Any CPU
		{311BC64A-5EA7-BF6A-1381-10985153AD3D}.Debug|Any CPU.ActiveCfg = Debug|Any CPU
		{311BC64A-5EA7-BF6A-1381-10985153AD3D}.Debug|Any CPU.Build.0 = Debug|Any CPU
		{311BC64A-5EA7-BF6A-1381-10985153AD3D}.Release|Any CPU.ActiveCfg = Release|Any CPU
		{311BC64A-5EA7-BF6A-1381-10985153AD3D}.Release|Any CPU.Build.0 = Release|Any CPU
		{7948C9A4-99C1-350F-88CA-59E08D63F449}.Debug|Any CPU.ActiveCfg = Debug|Any CPU
		{7948C9A4-99C1-350F-88CA-59E08D63F449}.Debug|Any CPU.Build.0 = Debug|Any CPU
		{7948C9A4-99C1-350F-88CA-59E08D63F449}.Release|Any CPU.ActiveCfg = Release|Any CPU
		{7948C9A4-99C1-350F-88CA-59E08D63F449}.Release|Any CPU.Build.0 = Release|Any CPU
		{4130085F-822B-D9ED-C546-470E781D0B34}.Debug|Any CPU.ActiveCfg = Debug|Any CPU
		{4130085F-822B-D9ED-C546-470E781D0B34}.Debug|Any CPU.Build.0 = Debug|Any CPU
		{4130085F-822B-D9ED-C546-470E781D0B34}.Release|Any CPU.ActiveCfg = Release|Any CPU
		{4130085F-822B-D9ED-C546-470E781D0B34}.Release|Any CPU.Build.0 = Release|Any CPU
		{0064AC4D-5440-7A00-038B-4A359821654F}.Debug|Any CPU.ActiveCfg = Debug|Any CPU
		{0064AC4D-5440-7A00-038B-4A359821654F}.Debug|Any CPU.Build.0 = Debug|Any CPU
		{0064AC4D-5440-7A00-038B-4A359821654F}.Release|Any CPU.ActiveCfg = Release|Any CPU
		{0064AC4D-5440-7A00-038B-4A359821654F}.Release|Any CPU.Build.0 = Release|Any CPU
		{0BA9E299-3A17-97BD-6698-C2202111D1C1}.Debug|Any CPU.ActiveCfg = Debug|Any CPU
		{0BA9E299-3A17-97BD-6698-C2202111D1C1}.Debug|Any CPU.Build.0 = Debug|Any CPU
		{0BA9E299-3A17-97BD-6698-C2202111D1C1}.Release|Any CPU.ActiveCfg = Release|Any CPU
		{0BA9E299-3A17-97BD-6698-C2202111D1C1}.Release|Any CPU.Build.0 = Release|Any CPU
		{26151F2A-6F46-0CB0-EE22-BC26A4AC5E96}.Debug|Any CPU.ActiveCfg = Debug|Any CPU
		{26151F2A-6F46-0CB0-EE22-BC26A4AC5E96}.Debug|Any CPU.Build.0 = Debug|Any CPU
		{26151F2A-6F46-0CB0-EE22-BC26A4AC5E96}.Release|Any CPU.ActiveCfg = Release|Any CPU
		{26151F2A-6F46-0CB0-EE22-BC26A4AC5E96}.Release|Any CPU.Build.0 = Release|Any CPU
		{D82185F4-138B-C904-595F-FAB7CF16FA09}.Debug|Any CPU.ActiveCfg = Debug|Any CPU
		{D82185F4-138B-C904-595F-FAB7CF16FA09}.Debug|Any CPU.Build.0 = Debug|Any CPU
		{D82185F4-138B-C904-595F-FAB7CF16FA09}.Release|Any CPU.ActiveCfg = Release|Any CPU
		{D82185F4-138B-C904-595F-FAB7CF16FA09}.Release|Any CPU.Build.0 = Release|Any CPU
		{348F3A6B-B417-ECC2-1FFD-D31C4FAE5386}.Debug|Any CPU.ActiveCfg = Debug|Any CPU
		{348F3A6B-B417-ECC2-1FFD-D31C4FAE5386}.Debug|Any CPU.Build.0 = Debug|Any CPU
		{348F3A6B-B417-ECC2-1FFD-D31C4FAE5386}.Release|Any CPU.ActiveCfg = Release|Any CPU
		{348F3A6B-B417-ECC2-1FFD-D31C4FAE5386}.Release|Any CPU.Build.0 = Release|Any CPU
		{F2A6410D-6243-C687-776E-50F44D9272CB}.Debug|Any CPU.ActiveCfg = Debug|Any CPU
		{F2A6410D-6243-C687-776E-50F44D9272CB}.Debug|Any CPU.Build.0 = Debug|Any CPU
		{F2A6410D-6243-C687-776E-50F44D9272CB}.Release|Any CPU.ActiveCfg = Release|Any CPU
		{F2A6410D-6243-C687-776E-50F44D9272CB}.Release|Any CPU.Build.0 = Release|Any CPU
		{E25010CF-22E0-258F-A74A-3093F47093B3}.Debug|Any CPU.ActiveCfg = Debug|Any CPU
		{E25010CF-22E0-258F-A74A-3093F47093B3}.Debug|Any CPU.Build.0 = Debug|Any CPU
		{E25010CF-22E0-258F-A74A-3093F47093B3}.Release|Any CPU.ActiveCfg = Release|Any CPU
		{E25010CF-22E0-258F-A74A-3093F47093B3}.Release|Any CPU.Build.0 = Release|Any CPU
		{434AA76B-A1FE-F241-9FCC-468BBCCC9B3C}.Debug|Any CPU.ActiveCfg = Debug|Any CPU
		{434AA76B-A1FE-F241-9FCC-468BBCCC9B3C}.Debug|Any CPU.Build.0 = Debug|Any CPU
		{434AA76B-A1FE-F241-9FCC-468BBCCC9B3C}.Release|Any CPU.ActiveCfg = Release|Any CPU
		{434AA76B-A1FE-F241-9FCC-468BBCCC9B3C}.Release|Any CPU.Build.0 = Release|Any CPU
		{F427D7A1-809A-AD4B-CC26-6A22ED3B98A1}.Debug|Any CPU.ActiveCfg = Debug|Any CPU
		{F427D7A1-809A-AD4B-CC26-6A22ED3B98A1}.Debug|Any CPU.Build.0 = Debug|Any CPU
		{F427D7A1-809A-AD4B-CC26-6A22ED3B98A1}.Release|Any CPU.ActiveCfg = Release|Any CPU
		{F427D7A1-809A-AD4B-CC26-6A22ED3B98A1}.Release|Any CPU.Build.0 = Release|Any CPU
		{46487383-D2C4-9760-3390-47D9661F1A27}.Debug|Any CPU.ActiveCfg = Debug|Any CPU
		{46487383-D2C4-9760-3390-47D9661F1A27}.Debug|Any CPU.Build.0 = Debug|Any CPU
		{46487383-D2C4-9760-3390-47D9661F1A27}.Release|Any CPU.ActiveCfg = Release|Any CPU
		{46487383-D2C4-9760-3390-47D9661F1A27}.Release|Any CPU.Build.0 = Release|Any CPU
		{A387C22A-CDC7-EF19-D50C-CDDB7FF62B6A}.Debug|Any CPU.ActiveCfg = Debug|Any CPU
		{A387C22A-CDC7-EF19-D50C-CDDB7FF62B6A}.Debug|Any CPU.Build.0 = Debug|Any CPU
		{A387C22A-CDC7-EF19-D50C-CDDB7FF62B6A}.Release|Any CPU.ActiveCfg = Release|Any CPU
		{A387C22A-CDC7-EF19-D50C-CDDB7FF62B6A}.Release|Any CPU.Build.0 = Release|Any CPU
		{394ABF96-31E0-3D5C-7CBD-BB1B1A17858C}.Debug|Any CPU.ActiveCfg = Debug|Any CPU
		{394ABF96-31E0-3D5C-7CBD-BB1B1A17858C}.Debug|Any CPU.Build.0 = Debug|Any CPU
		{394ABF96-31E0-3D5C-7CBD-BB1B1A17858C}.Release|Any CPU.ActiveCfg = Release|Any CPU
		{394ABF96-31E0-3D5C-7CBD-BB1B1A17858C}.Release|Any CPU.Build.0 = Release|Any CPU
		{44123238-72DB-7DDF-09F4-49D980982E21}.Debug|Any CPU.ActiveCfg = Debug|Any CPU
		{44123238-72DB-7DDF-09F4-49D980982E21}.Debug|Any CPU.Build.0 = Debug|Any CPU
		{44123238-72DB-7DDF-09F4-49D980982E21}.Release|Any CPU.ActiveCfg = Release|Any CPU
		{44123238-72DB-7DDF-09F4-49D980982E21}.Release|Any CPU.Build.0 = Release|Any CPU
		{640AFA84-06C2-40C9-60FC-A6A506D51A26}.Debug|Any CPU.ActiveCfg = Debug|Any CPU
		{640AFA84-06C2-40C9-60FC-A6A506D51A26}.Debug|Any CPU.Build.0 = Debug|Any CPU
		{640AFA84-06C2-40C9-60FC-A6A506D51A26}.Release|Any CPU.ActiveCfg = Release|Any CPU
		{640AFA84-06C2-40C9-60FC-A6A506D51A26}.Release|Any CPU.Build.0 = Release|Any CPU
		{70B4EB92-E738-F6BE-1961-ACC4FCECAEA5}.Debug|Any CPU.ActiveCfg = Debug|Any CPU
		{70B4EB92-E738-F6BE-1961-ACC4FCECAEA5}.Debug|Any CPU.Build.0 = Debug|Any CPU
		{70B4EB92-E738-F6BE-1961-ACC4FCECAEA5}.Release|Any CPU.ActiveCfg = Release|Any CPU
		{70B4EB92-E738-F6BE-1961-ACC4FCECAEA5}.Release|Any CPU.Build.0 = Release|Any CPU
		{767B83F1-B127-F716-0E3E-3FBD4D4069D4}.Debug|Any CPU.ActiveCfg = Debug|Any CPU
		{767B83F1-B127-F716-0E3E-3FBD4D4069D4}.Debug|Any CPU.Build.0 = Debug|Any CPU
		{767B83F1-B127-F716-0E3E-3FBD4D4069D4}.Release|Any CPU.ActiveCfg = Release|Any CPU
		{767B83F1-B127-F716-0E3E-3FBD4D4069D4}.Release|Any CPU.Build.0 = Release|Any CPU
		{D5EE615D-9B03-FB81-35C5-DE990404446A}.Debug|Any CPU.ActiveCfg = Debug|Any CPU
		{D5EE615D-9B03-FB81-35C5-DE990404446A}.Debug|Any CPU.Build.0 = Debug|Any CPU
		{D5EE615D-9B03-FB81-35C5-DE990404446A}.Release|Any CPU.ActiveCfg = Release|Any CPU
		{D5EE615D-9B03-FB81-35C5-DE990404446A}.Release|Any CPU.Build.0 = Release|Any CPU
		{61A0604F-3758-06CB-1E90-5CA535432065}.Debug|Any CPU.ActiveCfg = Debug|Any CPU
		{61A0604F-3758-06CB-1E90-5CA535432065}.Debug|Any CPU.Build.0 = Debug|Any CPU
		{61A0604F-3758-06CB-1E90-5CA535432065}.Release|Any CPU.ActiveCfg = Release|Any CPU
		{61A0604F-3758-06CB-1E90-5CA535432065}.Release|Any CPU.Build.0 = Release|Any CPU
		{F21A2069-A3A7-ECDF-6978-A4837FD4BD51}.Debug|Any CPU.ActiveCfg = Debug|Any CPU
		{F21A2069-A3A7-ECDF-6978-A4837FD4BD51}.Debug|Any CPU.Build.0 = Debug|Any CPU
		{F21A2069-A3A7-ECDF-6978-A4837FD4BD51}.Release|Any CPU.ActiveCfg = Release|Any CPU
		{F21A2069-A3A7-ECDF-6978-A4837FD4BD51}.Release|Any CPU.Build.0 = Release|Any CPU
		{A12A3AFB-98AA-5FE9-28B8-322DD6AD8E3C}.Debug|Any CPU.ActiveCfg = Debug|Any CPU
		{A12A3AFB-98AA-5FE9-28B8-322DD6AD8E3C}.Debug|Any CPU.Build.0 = Debug|Any CPU
		{A12A3AFB-98AA-5FE9-28B8-322DD6AD8E3C}.Release|Any CPU.ActiveCfg = Release|Any CPU
		{A12A3AFB-98AA-5FE9-28B8-322DD6AD8E3C}.Release|Any CPU.Build.0 = Release|Any CPU
		{3C6678CB-58B3-5F4D-1CDE-5787F9DA67BA}.Debug|Any CPU.ActiveCfg = Debug|Any CPU
		{3C6678CB-58B3-5F4D-1CDE-5787F9DA67BA}.Debug|Any CPU.Build.0 = Debug|Any CPU
		{3C6678CB-58B3-5F4D-1CDE-5787F9DA67BA}.Release|Any CPU.ActiveCfg = Release|Any CPU
		{3C6678CB-58B3-5F4D-1CDE-5787F9DA67BA}.Release|Any CPU.Build.0 = Release|Any CPU
		{4A861EBF-E744-BE75-B08F-CFDEB543AE1E}.Debug|Any CPU.ActiveCfg = Debug|Any CPU
		{4A861EBF-E744-BE75-B08F-CFDEB543AE1E}.Debug|Any CPU.Build.0 = Debug|Any CPU
		{4A861EBF-E744-BE75-B08F-CFDEB543AE1E}.Release|Any CPU.ActiveCfg = Release|Any CPU
		{4A861EBF-E744-BE75-B08F-CFDEB543AE1E}.Release|Any CPU.Build.0 = Release|Any CPU
		{B2B9146D-2733-4C13-FB01-771150CCC2AC}.Debug|Any CPU.ActiveCfg = Debug|Any CPU
		{B2B9146D-2733-4C13-FB01-771150CCC2AC}.Debug|Any CPU.Build.0 = Debug|Any CPU
		{B2B9146D-2733-4C13-FB01-771150CCC2AC}.Release|Any CPU.ActiveCfg = Release|Any CPU
		{B2B9146D-2733-4C13-FB01-771150CCC2AC}.Release|Any CPU.Build.0 = Release|Any CPU
		{E2239652-CD69-B351-997F-BF59F2C7D14D}.Debug|Any CPU.ActiveCfg = Debug|Any CPU
		{E2239652-CD69-B351-997F-BF59F2C7D14D}.Debug|Any CPU.Build.0 = Debug|Any CPU
		{E2239652-CD69-B351-997F-BF59F2C7D14D}.Release|Any CPU.ActiveCfg = Release|Any CPU
		{E2239652-CD69-B351-997F-BF59F2C7D14D}.Release|Any CPU.Build.0 = Release|Any CPU
		{625B927D-E488-3ECE-F73D-49101856FC70}.Debug|Any CPU.ActiveCfg = Debug|Any CPU
		{625B927D-E488-3ECE-F73D-49101856FC70}.Debug|Any CPU.Build.0 = Debug|Any CPU
		{625B927D-E488-3ECE-F73D-49101856FC70}.Release|Any CPU.ActiveCfg = Release|Any CPU
		{625B927D-E488-3ECE-F73D-49101856FC70}.Release|Any CPU.Build.0 = Release|Any CPU
		{4A5B2159-C521-BC4D-AF9F-3AB52F519FD8}.Debug|Any CPU.ActiveCfg = Debug|Any CPU
		{4A5B2159-C521-BC4D-AF9F-3AB52F519FD8}.Debug|Any CPU.Build.0 = Debug|Any CPU
		{4A5B2159-C521-BC4D-AF9F-3AB52F519FD8}.Release|Any CPU.ActiveCfg = Release|Any CPU
		{4A5B2159-C521-BC4D-AF9F-3AB52F519FD8}.Release|Any CPU.Build.0 = Release|Any CPU
	EndGlobalSection
	GlobalSection(SolutionProperties) = preSolution
		HideSolutionNode = FALSE
	EndGlobalSection
EndGlobal
